// !$*UTF8*$!
{
	archiveVersion = 1;
	classes = {
	};
	objectVersion = 50;
	objects = {

/* Begin PBXBuildFile section */
		4BFA62ED23C58D2200883757 /* AppDelegate.swift in Sources */ = {isa = PBXBuildFile; fileRef = 4BFA62EC23C58D2200883757 /* AppDelegate.swift */; };
		4BFA62EF23C58D2200883757 /* SceneDelegate.swift in Sources */ = {isa = PBXBuildFile; fileRef = 4BFA62EE23C58D2200883757 /* SceneDelegate.swift */; };
		4BFA62F123C58D2200883757 /* ViewController.swift in Sources */ = {isa = PBXBuildFile; fileRef = 4BFA62F023C58D2200883757 /* ViewController.swift */; };
		4BFA62F423C58D2200883757 /* Main.storyboard in Resources */ = {isa = PBXBuildFile; fileRef = 4BFA62F223C58D2200883757 /* Main.storyboard */; };
		4BFA62F623C58D2300883757 /* Assets.xcassets in Resources */ = {isa = PBXBuildFile; fileRef = 4BFA62F523C58D2300883757 /* Assets.xcassets */; };
		4BFA62F923C58D2300883757 /* LaunchScreen.storyboard in Resources */ = {isa = PBXBuildFile; fileRef = 4BFA62F723C58D2300883757 /* LaunchScreen.storyboard */; };
		4BFA630423C58D2300883757 /* CollectionSampleTests.swift in Sources */ = {isa = PBXBuildFile; fileRef = 4BFA630323C58D2300883757 /* CollectionSampleTests.swift */; };
		4BFA630F23C58D2300883757 /* CollectionSampleUITests.swift in Sources */ = {isa = PBXBuildFile; fileRef = 4BFA630E23C58D2300883757 /* CollectionSampleUITests.swift */; };
/* End PBXBuildFile section */

/* Begin PBXContainerItemProxy section */
		4BFA630023C58D2300883757 /* PBXContainerItemProxy */ = {
			isa = PBXContainerItemProxy;
			containerPortal = 4BFA62E123C58D2200883757 /* Project object */;
			proxyType = 1;
			remoteGlobalIDString = 4BFA62E823C58D2200883757;
			remoteInfo = CollectionSample;
		};
		4BFA630B23C58D2300883757 /* PBXContainerItemProxy */ = {
			isa = PBXContainerItemProxy;
			containerPortal = 4BFA62E123C58D2200883757 /* Project object */;
			proxyType = 1;
			remoteGlobalIDString = 4BFA62E823C58D2200883757;
			remoteInfo = CollectionSample;
		};
/* End PBXContainerItemProxy section */

/* Begin PBXFileReference section */
		4BFA62E923C58D2200883757 /* CollectionSample.app */ = {isa = PBXFileReference; explicitFileType = wrapper.application; includeInIndex = 0; path = CollectionSample.app; sourceTree = BUILT_PRODUCTS_DIR; };
		4BFA62EC23C58D2200883757 /* AppDelegate.swift */ = {isa = PBXFileReference; lastKnownFileType = sourcecode.swift; path = AppDelegate.swift; sourceTree = "<group>"; };
		4BFA62EE23C58D2200883757 /* SceneDelegate.swift */ = {isa = PBXFileReference; lastKnownFileType = sourcecode.swift; path = SceneDelegate.swift; sourceTree = "<group>"; };
		4BFA62F023C58D2200883757 /* ViewController.swift */ = {isa = PBXFileReference; lastKnownFileType = sourcecode.swift; path = ViewController.swift; sourceTree = "<group>"; };
		4BFA62F323C58D2200883757 /* Base */ = {isa = PBXFileReference; lastKnownFileType = file.storyboard; name = Base; path = Base.lproj/Main.storyboard; sourceTree = "<group>"; };
		4BFA62F523C58D2300883757 /* Assets.xcassets */ = {isa = PBXFileReference; lastKnownFileType = folder.assetcatalog; path = Assets.xcassets; sourceTree = "<group>"; };
		4BFA62F823C58D2300883757 /* Base */ = {isa = PBXFileReference; lastKnownFileType = file.storyboard; name = Base; path = Base.lproj/LaunchScreen.storyboard; sourceTree = "<group>"; };
		4BFA62FA23C58D2300883757 /* Info.plist */ = {isa = PBXFileReference; lastKnownFileType = text.plist.xml; path = Info.plist; sourceTree = "<group>"; };
		4BFA62FF23C58D2300883757 /* CollectionSampleTests.xctest */ = {isa = PBXFileReference; explicitFileType = wrapper.cfbundle; includeInIndex = 0; path = CollectionSampleTests.xctest; sourceTree = BUILT_PRODUCTS_DIR; };
		4BFA630323C58D2300883757 /* CollectionSampleTests.swift */ = {isa = PBXFileReference; lastKnownFileType = sourcecode.swift; path = CollectionSampleTests.swift; sourceTree = "<group>"; };
		4BFA630523C58D2300883757 /* Info.plist */ = {isa = PBXFileReference; lastKnownFileType = text.plist.xml; path = Info.plist; sourceTree = "<group>"; };
		4BFA630A23C58D2300883757 /* CollectionSampleUITests.xctest */ = {isa = PBXFileReference; explicitFileType = wrapper.cfbundle; includeInIndex = 0; path = CollectionSampleUITests.xctest; sourceTree = BUILT_PRODUCTS_DIR; };
		4BFA630E23C58D2300883757 /* CollectionSampleUITests.swift */ = {isa = PBXFileReference; lastKnownFileType = sourcecode.swift; path = CollectionSampleUITests.swift; sourceTree = "<group>"; };
		4BFA631023C58D2300883757 /* Info.plist */ = {isa = PBXFileReference; lastKnownFileType = text.plist.xml; path = Info.plist; sourceTree = "<group>"; };
/* End PBXFileReference section */

/* Begin PBXFrameworksBuildPhase section */
		4BFA62E623C58D2200883757 /* Frameworks */ = {
			isa = PBXFrameworksBuildPhase;
			buildActionMask = 2147483647;
			files = (
			);
			runOnlyForDeploymentPostprocessing = 0;
		};
		4BFA62FC23C58D2300883757 /* Frameworks */ = {
			isa = PBXFrameworksBuildPhase;
			buildActionMask = 2147483647;
			files = (
			);
			runOnlyForDeploymentPostprocessing = 0;
		};
		4BFA630723C58D2300883757 /* Frameworks */ = {
			isa = PBXFrameworksBuildPhase;
			buildActionMask = 2147483647;
			files = (
			);
			runOnlyForDeploymentPostprocessing = 0;
		};
/* End PBXFrameworksBuildPhase section */

/* Begin PBXGroup section */
		4BFA62E023C58D2200883757 = {
			isa = PBXGroup;
			children = (
				4BFA62EB23C58D2200883757 /* CollectionSample */,
				4BFA630223C58D2300883757 /* CollectionSampleTests */,
				4BFA630D23C58D2300883757 /* CollectionSampleUITests */,
				4BFA62EA23C58D2200883757 /* Products */,
			);
			sourceTree = "<group>";
		};
		4BFA62EA23C58D2200883757 /* Products */ = {
			isa = PBXGroup;
			children = (
				4BFA62E923C58D2200883757 /* CollectionSample.app */,
				4BFA62FF23C58D2300883757 /* CollectionSampleTests.xctest */,
				4BFA630A23C58D2300883757 /* CollectionSampleUITests.xctest */,
			);
			name = Products;
			sourceTree = "<group>";
		};
		4BFA62EB23C58D2200883757 /* CollectionSample */ = {
			isa = PBXGroup;
			children = (
				4BFA62EC23C58D2200883757 /* AppDelegate.swift */,
				4BFA62EE23C58D2200883757 /* SceneDelegate.swift */,
				4BFA62F023C58D2200883757 /* ViewController.swift */,
				4BFA62F223C58D2200883757 /* Main.storyboard */,
				4BFA62F523C58D2300883757 /* Assets.xcassets */,
				4BFA62F723C58D2300883757 /* LaunchScreen.storyboard */,
				4BFA62FA23C58D2300883757 /* Info.plist */,
			);
			path = CollectionSample;
			sourceTree = "<group>";
		};
		4BFA630223C58D2300883757 /* CollectionSampleTests */ = {
			isa = PBXGroup;
			children = (
				4BFA630323C58D2300883757 /* CollectionSampleTests.swift */,
				4BFA630523C58D2300883757 /* Info.plist */,
			);
			path = CollectionSampleTests;
			sourceTree = "<group>";
		};
		4BFA630D23C58D2300883757 /* CollectionSampleUITests */ = {
			isa = PBXGroup;
			children = (
				4BFA630E23C58D2300883757 /* CollectionSampleUITests.swift */,
				4BFA631023C58D2300883757 /* Info.plist */,
			);
			path = CollectionSampleUITests;
			sourceTree = "<group>";
		};
/* End PBXGroup section */

/* Begin PBXNativeTarget section */
		4BFA62E823C58D2200883757 /* CollectionSample */ = {
			isa = PBXNativeTarget;
			buildConfigurationList = 4BFA631323C58D2300883757 /* Build configuration list for PBXNativeTarget "CollectionSample" */;
			buildPhases = (
				4BFA62E523C58D2200883757 /* Sources */,
				4BFA62E623C58D2200883757 /* Frameworks */,
				4BFA62E723C58D2200883757 /* Resources */,
			);
			buildRules = (
			);
			dependencies = (
			);
			name = CollectionSample;
			productName = CollectionSample;
			productReference = 4BFA62E923C58D2200883757 /* CollectionSample.app */;
			productType = "com.apple.product-type.application";
		};
		4BFA62FE23C58D2300883757 /* CollectionSampleTests */ = {
			isa = PBXNativeTarget;
			buildConfigurationList = 4BFA631623C58D2300883757 /* Build configuration list for PBXNativeTarget "CollectionSampleTests" */;
			buildPhases = (
				4BFA62FB23C58D2300883757 /* Sources */,
				4BFA62FC23C58D2300883757 /* Frameworks */,
				4BFA62FD23C58D2300883757 /* Resources */,
			);
			buildRules = (
			);
			dependencies = (
				4BFA630123C58D2300883757 /* PBXTargetDependency */,
			);
			name = CollectionSampleTests;
			productName = CollectionSampleTests;
			productReference = 4BFA62FF23C58D2300883757 /* CollectionSampleTests.xctest */;
			productType = "com.apple.product-type.bundle.unit-test";
		};
		4BFA630923C58D2300883757 /* CollectionSampleUITests */ = {
			isa = PBXNativeTarget;
			buildConfigurationList = 4BFA631923C58D2300883757 /* Build configuration list for PBXNativeTarget "CollectionSampleUITests" */;
			buildPhases = (
				4BFA630623C58D2300883757 /* Sources */,
				4BFA630723C58D2300883757 /* Frameworks */,
				4BFA630823C58D2300883757 /* Resources */,
			);
			buildRules = (
			);
			dependencies = (
				4BFA630C23C58D2300883757 /* PBXTargetDependency */,
			);
			name = CollectionSampleUITests;
			productName = CollectionSampleUITests;
			productReference = 4BFA630A23C58D2300883757 /* CollectionSampleUITests.xctest */;
			productType = "com.apple.product-type.bundle.ui-testing";
		};
/* End PBXNativeTarget section */

/* Begin PBXProject section */
		4BFA62E123C58D2200883757 /* Project object */ = {
			isa = PBXProject;
			attributes = {
				LastSwiftUpdateCheck = 1130;
				LastUpgradeCheck = 1130;
				ORGANIZATIONNAME = user164140;
				TargetAttributes = {
					4BFA62E823C58D2200883757 = {
						CreatedOnToolsVersion = 11.3;
					};
					4BFA62FE23C58D2300883757 = {
						CreatedOnToolsVersion = 11.3;
						TestTargetID = 4BFA62E823C58D2200883757;
					};
					4BFA630923C58D2300883757 = {
						CreatedOnToolsVersion = 11.3;
						TestTargetID = 4BFA62E823C58D2200883757;
					};
				};
			};
			buildConfigurationList = 4BFA62E423C58D2200883757 /* Build configuration list for PBXProject "CollectionSample" */;
			compatibilityVersion = "Xcode 9.3";
			developmentRegion = en;
			hasScannedForEncodings = 0;
			knownRegions = (
				en,
				Base,
			);
			mainGroup = 4BFA62E023C58D2200883757;
			productRefGroup = 4BFA62EA23C58D2200883757 /* Products */;
			projectDirPath = "";
			projectRoot = "";
			targets = (
				4BFA62E823C58D2200883757 /* CollectionSample */,
				4BFA62FE23C58D2300883757 /* CollectionSampleTests */,
				4BFA630923C58D2300883757 /* CollectionSampleUITests */,
			);
		};
/* End PBXProject section */

/* Begin PBXResourcesBuildPhase section */
		4BFA62E723C58D2200883757 /* Resources */ = {
			isa = PBXResourcesBuildPhase;
			buildActionMask = 2147483647;
			files = (
				4BFA62F923C58D2300883757 /* LaunchScreen.storyboard in Resources */,
				4BFA62F623C58D2300883757 /* Assets.xcassets in Resources */,
				4BFA62F423C58D2200883757 /* Main.storyboard in Resources */,
			);
			runOnlyForDeploymentPostprocessing = 0;
		};
		4BFA62FD23C58D2300883757 /* Resources */ = {
			isa = PBXResourcesBuildPhase;
			buildActionMask = 2147483647;
			files = (
			);
			runOnlyForDeploymentPostprocessing = 0;
		};
		4BFA630823C58D2300883757 /* Resources */ = {
			isa = PBXResourcesBuildPhase;
			buildActionMask = 2147483647;
			files = (
			);
			runOnlyForDeploymentPostprocessing = 0;
		};
/* End PBXResourcesBuildPhase section */

/* Begin PBXSourcesBuildPhase section */
		4BFA62E523C58D2200883757 /* Sources */ = {
			isa = PBXSourcesBuildPhase;
			buildActionMask = 2147483647;
			files = (
				4BFA62F123C58D2200883757 /* ViewController.swift in Sources */,
				4BFA62ED23C58D2200883757 /* AppDelegate.swift in Sources */,
				4BFA62EF23C58D2200883757 /* SceneDelegate.swift in Sources */,
			);
			runOnlyForDeploymentPostprocessing = 0;
		};
		4BFA62FB23C58D2300883757 /* Sources */ = {
			isa = PBXSourcesBuildPhase;
			buildActionMask = 2147483647;
			files = (
				4BFA630423C58D2300883757 /* CollectionSampleTests.swift in Sources */,
			);
			runOnlyForDeploymentPostprocessing = 0;
		};
		4BFA630623C58D2300883757 /* Sources */ = {
			isa = PBXSourcesBuildPhase;
			buildActionMask = 2147483647;
			files = (
				4BFA630F23C58D2300883757 /* CollectionSampleUITests.swift in Sources */,
			);
			runOnlyForDeploymentPostprocessing = 0;
		};
/* End PBXSourcesBuildPhase section */

/* Begin PBXTargetDependency section */
		4BFA630123C58D2300883757 /* PBXTargetDependency */ = {
			isa = PBXTargetDependency;
			target = 4BFA62E823C58D2200883757 /* CollectionSample */;
			targetProxy = 4BFA630023C58D2300883757 /* PBXContainerItemProxy */;
		};
		4BFA630C23C58D2300883757 /* PBXTargetDependency */ = {
			isa = PBXTargetDependency;
			target = 4BFA62E823C58D2200883757 /* CollectionSample */;
			targetProxy = 4BFA630B23C58D2300883757 /* PBXContainerItemProxy */;
		};
/* End PBXTargetDependency section */

/* Begin PBXVariantGroup section */
		4BFA62F223C58D2200883757 /* Main.storyboard */ = {
			isa = PBXVariantGroup;
			children = (
				4BFA62F323C58D2200883757 /* Base */,
			);
			name = Main.storyboard;
			sourceTree = "<group>";
		};
		4BFA62F723C58D2300883757 /* LaunchScreen.storyboard */ = {
			isa = PBXVariantGroup;
			children = (
				4BFA62F823C58D2300883757 /* Base */,
			);
			name = LaunchScreen.storyboard;
			sourceTree = "<group>";
		};
/* End PBXVariantGroup section */

/* Begin XCBuildConfiguration section */
		4BFA631123C58D2300883757 /* Debug */ = {
			isa = XCBuildConfiguration;
			buildSettings = {
				ALWAYS_SEARCH_USER_PATHS = NO;
				CLANG_ANALYZER_NONNULL = YES;
				CLANG_ANALYZER_NUMBER_OBJECT_CONVERSION = YES_AGGRESSIVE;
				CLANG_CXX_LANGUAGE_STANDARD = "gnu++14";
				CLANG_CXX_LIBRARY = "libc++";
				CLANG_ENABLE_MODULES = YES;
				CLANG_ENABLE_OBJC_ARC = YES;
				CLANG_ENABLE_OBJC_WEAK = YES;
				CLANG_WARN_BLOCK_CAPTURE_AUTORELEASING = YES;
				CLANG_WARN_BOOL_CONVERSION = YES;
				CLANG_WARN_COMMA = YES;
				CLANG_WARN_CONSTANT_CONVERSION = YES;
				CLANG_WARN_DEPRECATED_OBJC_IMPLEMENTATIONS = YES;
				CLANG_WARN_DIRECT_OBJC_ISA_USAGE = YES_ERROR;
				CLANG_WARN_DOCUMENTATION_COMMENTS = YES;
				CLANG_WARN_EMPTY_BODY = YES;
				CLANG_WARN_ENUM_CONVERSION = YES;
				CLANG_WARN_INFINITE_RECURSION = YES;
				CLANG_WARN_INT_CONVERSION = YES;
				CLANG_WARN_NON_LITERAL_NULL_CONVERSION = YES;
				CLANG_WARN_OBJC_IMPLICIT_RETAIN_SELF = YES;
				CLANG_WARN_OBJC_LITERAL_CONVERSION = YES;
				CLANG_WARN_OBJC_ROOT_CLASS = YES_ERROR;
				CLANG_WARN_RANGE_LOOP_ANALYSIS = YES;
				CLANG_WARN_STRICT_PROTOTYPES = YES;
				CLANG_WARN_SUSPICIOUS_MOVE = YES;
				CLANG_WARN_UNGUARDED_AVAILABILITY = YES_AGGRESSIVE;
				CLANG_WARN_UNREACHABLE_CODE = YES;
				CLANG_WARN__DUPLICATE_METHOD_MATCH = YES;
				COPY_PHASE_STRIP = NO;
				DEBUG_INFORMATION_FORMAT = dwarf;
				ENABLE_STRICT_OBJC_MSGSEND = YES;
				ENABLE_TESTABILITY = YES;
				GCC_C_LANGUAGE_STANDARD = gnu11;
				GCC_DYNAMIC_NO_PIC = NO;
				GCC_NO_COMMON_BLOCKS = YES;
				GCC_OPTIMIZATION_LEVEL = 0;
				GCC_PREPROCESSOR_DEFINITIONS = (
					"DEBUG=1",
					"$(inherited)",
				);
				GCC_WARN_64_TO_32_BIT_CONVERSION = YES;
				GCC_WARN_ABOUT_RETURN_TYPE = YES_ERROR;
				GCC_WARN_UNDECLARED_SELECTOR = YES;
				GCC_WARN_UNINITIALIZED_AUTOS = YES_AGGRESSIVE;
				GCC_WARN_UNUSED_FUNCTION = YES;
				GCC_WARN_UNUSED_VARIABLE = YES;
				IPHONEOS_DEPLOYMENT_TARGET = 13.2;
				MTL_ENABLE_DEBUG_INFO = INCLUDE_SOURCE;
				MTL_FAST_MATH = YES;
				ONLY_ACTIVE_ARCH = YES;
				SDKROOT = iphoneos;
				SWIFT_ACTIVE_COMPILATION_CONDITIONS = DEBUG;
				SWIFT_OPTIMIZATION_LEVEL = "-Onone";
			};
			name = Debug;
		};
		4BFA631223C58D2300883757 /* Release */ = {
			isa = XCBuildConfiguration;
			buildSettings = {
				ALWAYS_SEARCH_USER_PATHS = NO;
				CLANG_ANALYZER_NONNULL = YES;
				CLANG_ANALYZER_NUMBER_OBJECT_CONVERSION = YES_AGGRESSIVE;
				CLANG_CXX_LANGUAGE_STANDARD = "gnu++14";
				CLANG_CXX_LIBRARY = "libc++";
				CLANG_ENABLE_MODULES = YES;
				CLANG_ENABLE_OBJC_ARC = YES;
				CLANG_ENABLE_OBJC_WEAK = YES;
				CLANG_WARN_BLOCK_CAPTURE_AUTORELEASING = YES;
				CLANG_WARN_BOOL_CONVERSION = YES;
				CLANG_WARN_COMMA = YES;
				CLANG_WARN_CONSTANT_CONVERSION = YES;
				CLANG_WARN_DEPRECATED_OBJC_IMPLEMENTATIONS = YES;
				CLANG_WARN_DIRECT_OBJC_ISA_USAGE = YES_ERROR;
				CLANG_WARN_DOCUMENTATION_COMMENTS = YES;
				CLANG_WARN_EMPTY_BODY = YES;
				CLANG_WARN_ENUM_CONVERSION = YES;
				CLANG_WARN_INFINITE_RECURSION = YES;
				CLANG_WARN_INT_CONVERSION = YES;
				CLANG_WARN_NON_LITERAL_NULL_CONVERSION = YES;
				CLANG_WARN_OBJC_IMPLICIT_RETAIN_SELF = YES;
				CLANG_WARN_OBJC_LITERAL_CONVERSION = YES;
				CLANG_WARN_OBJC_ROOT_CLASS = YES_ERROR;
				CLANG_WARN_RANGE_LOOP_ANALYSIS = YES;
				CLANG_WARN_STRICT_PROTOTYPES = YES;
				CLANG_WARN_SUSPICIOUS_MOVE = YES;
				CLANG_WARN_UNGUARDED_AVAILABILITY = YES_AGGRESSIVE;
				CLANG_WARN_UNREACHABLE_CODE = YES;
				CLANG_WARN__DUPLICATE_METHOD_MATCH = YES;
				COPY_PHASE_STRIP = NO;
				DEBUG_INFORMATION_FORMAT = "dwarf-with-dsym";
				ENABLE_NS_ASSERTIONS = NO;
				ENABLE_STRICT_OBJC_MSGSEND = YES;
				GCC_C_LANGUAGE_STANDARD = gnu11;
				GCC_NO_COMMON_BLOCKS = YES;
				GCC_WARN_64_TO_32_BIT_CONVERSION = YES;
				GCC_WARN_ABOUT_RETURN_TYPE = YES_ERROR;
				GCC_WARN_UNDECLARED_SELECTOR = YES;
				GCC_WARN_UNINITIALIZED_AUTOS = YES_AGGRESSIVE;
				GCC_WARN_UNUSED_FUNCTION = YES;
				GCC_WARN_UNUSED_VARIABLE = YES;
				IPHONEOS_DEPLOYMENT_TARGET = 13.2;
				MTL_ENABLE_DEBUG_INFO = NO;
				MTL_FAST_MATH = YES;
				SDKROOT = iphoneos;
				SWIFT_COMPILATION_MODE = wholemodule;
				SWIFT_OPTIMIZATION_LEVEL = "-O";
				VALIDATE_PRODUCT = YES;
			};
			name = Release;
		};
		4BFA631423C58D2300883757 /* Debug */ = {
			isa = XCBuildConfiguration;
			buildSettings = {
				ASSETCATALOG_COMPILER_APPICON_NAME = AppIcon;
				CODE_SIGN_STYLE = Automatic;
				INFOPLIST_FILE = CollectionSample/Info.plist;
				LD_RUNPATH_SEARCH_PATHS = (
					"$(inherited)",
					"@executable_path/Frameworks",
				);
				PRODUCT_BUNDLE_IDENTIFIER = jp.co.densei.CollectionSample;
				PRODUCT_NAME = "$(TARGET_NAME)";
				SWIFT_VERSION = 5.0;
				TARGETED_DEVICE_FAMILY = "1,2";
			};
			name = Debug;
		};
		4BFA631523C58D2300883757 /* Release */ = {
			isa = XCBuildConfiguration;
			buildSettings = {
				ASSETCATALOG_COMPILER_APPICON_NAME = AppIcon;
				CODE_SIGN_STYLE = Automatic;
				INFOPLIST_FILE = CollectionSample/Info.plist;
				LD_RUNPATH_SEARCH_PATHS = (
					"$(inherited)",
					"@executable_path/Frameworks",
				);
				PRODUCT_BUNDLE_IDENTIFIER = jp.co.densei.CollectionSample;
				PRODUCT_NAME = "$(TARGET_NAME)";
				SWIFT_VERSION = 5.0;
				TARGETED_DEVICE_FAMILY = "1,2";
			};
			name = Release;
		};
		4BFA631723C58D2300883757 /* Debug */ = {
			isa = XCBuildConfiguration;
			buildSettings = {
				ALWAYS_EMBED_SWIFT_STANDARD_LIBRARIES = YES;
				BUNDLE_LOADER = "$(TEST_HOST)";
				CODE_SIGN_STYLE = Automatic;
				INFOPLIST_FILE = CollectionSampleTests/Info.plist;
				IPHONEOS_DEPLOYMENT_TARGET = 13.2;
				LD_RUNPATH_SEARCH_PATHS = (
					"$(inherited)",
					"@executable_path/Frameworks",
					"@loader_path/Frameworks",
				);
				PRODUCT_BUNDLE_IDENTIFIER = jp.co.densei.CollectionSampleTests;
				PRODUCT_NAME = "$(TARGET_NAME)";
				SWIFT_VERSION = 5.0;
				TARGETED_DEVICE_FAMILY = "1,2";
				TEST_HOST = "$(BUILT_PRODUCTS_DIR)/CollectionSample.app/CollectionSample";
			};
			name = Debug;
		};
		4BFA631823C58D2300883757 /* Release */ = {
			isa = XCBuildConfiguration;
			buildSettings = {
				ALWAYS_EMBED_SWIFT_STANDARD_LIBRARIES = YES;
				BUNDLE_LOADER = "$(TEST_HOST)";
				CODE_SIGN_STYLE = Automatic;
				INFOPLIST_FILE = CollectionSampleTests/Info.plist;
				IPHONEOS_DEPLOYMENT_TARGET = 13.2;
				LD_RUNPATH_SEARCH_PATHS = (
					"$(inherited)",
					"@executable_path/Frameworks",
					"@loader_path/Frameworks",
				);
				PRODUCT_BUNDLE_IDENTIFIER = jp.co.densei.CollectionSampleTests;
				PRODUCT_NAME = "$(TARGET_NAME)";
				SWIFT_VERSION = 5.0;
				TARGETED_DEVICE_FAMILY = "1,2";
				TEST_HOST = "$(BUILT_PRODUCTS_DIR)/CollectionSample.app/CollectionSample";
			};
			name = Release;
		};
		4BFA631A23C58D2300883757 /* Debug */ = {
			isa = XCBuildConfiguration;
			buildSettings = {
				ALWAYS_EMBED_SWIFT_STANDARD_LIBRARIES = YES;
				CODE_SIGN_STYLE = Automatic;
				INFOPLIST_FILE = CollectionSampleUITests/Info.plist;
				LD_RUNPATH_SEARCH_PATHS = (
					"$(inherited)",
					"@executable_path/Frameworks",
					"@loader_path/Frameworks",
				);
				PRODUCT_BUNDLE_IDENTIFIER = jp.co.densei.CollectionSampleUITests;
				PRODUCT_NAME = "$(TARGET_NAME)";
				SWIFT_VERSION = 5.0;
				TARGETED_DEVICE_FAMILY = "1,2";
				TEST_TARGET_NAME = CollectionSample;
			};
			name = Debug;
		};
		4BFA631B23C58D2300883757 /* Release */ = {
			isa = XCBuildConfiguration;
			buildSettings = {
				ALWAYS_EMBED_SWIFT_STANDARD_LIBRARIES = YES;
				CODE_SIGN_STYLE = Automatic;
				INFOPLIST_FILE = CollectionSampleUITests/Info.plist;
				LD_RUNPATH_SEARCH_PATHS = (
					"$(inherited)",
					"@executable_path/Frameworks",
					"@loader_path/Frameworks",
				);
				PRODUCT_BUNDLE_IDENTIFIER = jp.co.densei.CollectionSampleUITests;
				PRODUCT_NAME = "$(TARGET_NAME)";
				SWIFT_VERSION = 5.0;
				TARGETED_DEVICE_FAMILY = "1,2";
				TEST_TARGET_NAME = CollectionSample;
			};
			name = Release;
		};
/* End XCBuildConfiguration section */

/* Begin XCConfigurationList section */
		4BFA62E423C58D2200883757 /* Build configuration list for PBXProject "CollectionSample" */ = {
			isa = XCConfigurationList;
			buildConfigurations = (
				4BFA631123C58D2300883757 /* Debug */,
				4BFA631223C58D2300883757 /* Release */,
			);
			defaultConfigurationIsVisible = 0;
			defaultConfigurationName = Release;
		};
		4BFA631323C58D2300883757 /* Build configuration list for PBXNativeTarget "CollectionSample" */ = {
			isa = XCConfigurationList;
			buildConfigurations = (
				4BFA631423C58D2300883757 /* Debug */,
				4BFA631523C58D2300883757 /* Release */,
			);
			defaultConfigurationIsVisible = 0;
			defaultConfigurationName = Release;
		};
		4BFA631623C58D2300883757 /* Build configuration list for PBXNativeTarget "CollectionSampleTests" */ = {
			isa = XCConfigurationList;
			buildConfigurations = (
				4BFA631723C58D2300883757 /* Debug */,
				4BFA631823C58D2300883757 /* Release */,
			);
			defaultConfigurationIsVisible = 0;
			defaultConfigurationName = Release;
		};
		4BFA631923C58D2300883757 /* Build configuration list for PBXNativeTarget "CollectionSampleUITests" */ = {
			isa = XCConfigurationList;
			buildConfigurations = (
				4BFA631A23C58D2300883757 /* Debug */,
				4BFA631B23C58D2300883757 /* Release */,
			);
			defaultConfigurationIsVisible = 0;
			defaultConfigurationName = Release;
		};
/* End XCConfigurationList section */
	};
	rootObject = 4BFA62E123C58D2200883757 /* Project object */;
}
